
Microsoft Visual Studio Solution File, Format Version 12.00
# Visual Studio Version 17
VisualStudioVersion = 17.7.34031.279
MinimumVisualStudioVersion = 10.0.40219.1
Project("{FAE04EC0-301F-11D3-BF4B-00C04F79EFBC}") = "pedidosPizzeria", "pedidosPizzeria\pedidosPizzeria.csproj", "{A98D6C35-AD55-4794-B2F2-2A630BAD3EDE}"
EndProject
Global
	GlobalSection(SolutionConfigurationPlatforms) = preSolution
		Debug|Any CPU = Debug|Any CPU
		Release|Any CPU = Release|Any CPU
	EndGlobalSection
	GlobalSection(ProjectConfigurationPlatforms) = postSolution
		{A98D6C35-AD55-4794-B2F2-2A630BAD3EDE}.Debug|Any CPU.ActiveCfg = Debug|Any CPU
		{A98D6C35-AD55-4794-B2F2-2A630BAD3EDE}.Debug|Any CPU.Build.0 = Debug|Any CPU
		{A98D6C35-AD55-4794-B2F2-2A630BAD3EDE}.Release|Any CPU.ActiveCfg = Release|Any CPU
		{A98D6C35-AD55-4794-B2F2-2A630BAD3EDE}.Release|Any CPU.Build.0 = Release|Any CPU
	EndGlobalSection
	GlobalSection(SolutionProperties) = preSolution
		HideSolutionNode = FALSE
	EndGlobalSection
	GlobalSection(ExtensibilityGlobals) = postSolution
		SolutionGuid = {5E8EF384-9226-4BA1-BEFD-1EAD86F080C7}
	EndGlobalSection
EndGlobal
